{
  "name": "chrome-extension-show-data-attributes-for-testing",
  "lockfileVersion": 3,
  "requires": true,
  "packages": {
    "": {
      "dependencies": {
        "chrome-types": "^0.1.179"
      },
      "devDependencies": {
        "prettier": "2.8.7"
      }
    },
    "node_modules/chrome-types": {
      "version": "0.1.179",
      "resolved": "https://registry.npmjs.org/chrome-types/-/chrome-types-0.1.179.tgz",
      "integrity": "sha512-YVNeRNZEVfD5JYrbZW+4OqkkHGR9yUE/W7cuwd6ZcYUZnNgO/FnESeG3soKRy2n+un5z5rARxsks/YGzoY0rig=="
    },
    "node_modules/prettier": {
      "version": "2.8.7",
      "resolved": "https://registry.npmjs.org/prettier/-/prettier-2.8.7.tgz",
      "integrity": "sha512-yPngTo3aXUUmyuTjeTUT75txrf+aMh9FiD7q9ZE/i6r0bPb22g4FsE6Y338PQX1bmfy08i9QQCB7/rcUAVntfw==",
      "dev": true,
      "bin": {
        "prettier": "bin-prettier.js"
      },
      "engines": {
        "node": ">=10.13.0"
      },
      "funding": {
        "url": "https://github.com/prettier/prettier?sponsor=1"
      }
    }
  }
}
